// !$*UTF8*$!
{
	archiveVersion = 1;
	classes = {
	};
	objectVersion = 46;
	objects = {

/* Begin PBXBuildFile section */
		A0153DC21D0CD8B000DFCE94 /* AppDelegate.swift in Sources */ = {isa = PBXBuildFile; fileRef = A0153DC11D0CD8B000DFCE94 /* AppDelegate.swift */; };
		A0153DC41D0CD8B000DFCE94 /* ViewController.swift in Sources */ = {isa = PBXBuildFile; fileRef = A0153DC31D0CD8B000DFCE94 /* ViewController.swift */; };
		A0153DC71D0CD8B000DFCE94 /* Main.storyboard in Resources */ = {isa = PBXBuildFile; fileRef = A0153DC51D0CD8B000DFCE94 /* Main.storyboard */; };
		A0153DC91D0CD8B000DFCE94 /* Assets.xcassets in Resources */ = {isa = PBXBuildFile; fileRef = A0153DC81D0CD8B000DFCE94 /* Assets.xcassets */; };
		A0153DCC1D0CD8B000DFCE94 /* LaunchScreen.storyboard in Resources */ = {isa = PBXBuildFile; fileRef = A0153DCA1D0CD8B000DFCE94 /* LaunchScreen.storyboard */; };
		A0153DD81D0CDD3700DFCE94 /* Shaders.metal in Sources */ = {isa = PBXBuildFile; fileRef = A0153DD71D0CDD3700DFCE94 /* Shaders.metal */; };
/* End PBXBuildFile section */

/* Begin PBXFileReference section */
		A0153DBE1D0CD8B000DFCE94 /* HelloMetal.app */ = {isa = PBXFileReference; explicitFileType = wrapper.application; includeInIndex = 0; path = HelloMetal.app; sourceTree = BUILT_PRODUCTS_DIR; };
		A0153DC11D0CD8B000DFCE94 /* AppDelegate.swift */ = {isa = PBXFileReference; lastKnownFileType = sourcecode.swift; path = AppDelegate.swift; sourceTree = "<group>"; };
		A0153DC31D0CD8B000DFCE94 /* ViewController.swift */ = {isa = PBXFileReference; lastKnownFileType = sourcecode.swift; path = ViewController.swift; sourceTree = "<group>"; };
		A0153DC61D0CD8B000DFCE94 /* Base */ = {isa = PBXFileReference; lastKnownFileType = file.storyboard; name = Base; path = Base.lproj/Main.storyboard; sourceTree = "<group>"; };
		A0153DC81D0CD8B000DFCE94 /* Assets.xcassets */ = {isa = PBXFileReference; lastKnownFileType = folder.assetcatalog; path = Assets.xcassets; sourceTree = "<group>"; };
		A0153DCB1D0CD8B000DFCE94 /* Base */ = {isa = PBXFileReference; lastKnownFileType = file.storyboard; name = Base; path = Base.lproj/LaunchScreen.storyboard; sourceTree = "<group>"; };
		A0153DCD1D0CD8B000DFCE94 /* Info.plist */ = {isa = PBXFileReference; lastKnownFileType = text.plist.xml; path = Info.plist; sourceTree = "<group>"; };
		A0153DD31D0CDAEE00DFCE94 /* Metal.framework */ = {isa = PBXFileReference; lastKnownFileType = wrapper.framework; name = Metal.framework; path = System/Library/Frameworks/Metal.framework; sourceTree = SDKROOT; };
		A0153DD51D0CDAF400DFCE94 /* QuartzCore.framework */ = {isa = PBXFileReference; lastKnownFileType = wrapper.framework; name = QuartzCore.framework; path = System/Library/Frameworks/QuartzCore.framework; sourceTree = SDKROOT; };
		A0153DD71D0CDD3700DFCE94 /* Shaders.metal */ = {isa = PBXFileReference; fileEncoding = 4; lastKnownFileType = sourcecode.metal; path = Shaders.metal; sourceTree = "<group>"; };
/* End PBXFileReference section */

/* Begin PBXFrameworksBuildPhase section */
		A0153DBB1D0CD8B000DFCE94 /* Frameworks */ = {
			isa = PBXFrameworksBuildPhase;
			buildActionMask = 2147483647;
			files = (
			);
			runOnlyForDeploymentPostprocessing = 0;
		};
/* End PBXFrameworksBuildPhase section */

/* Begin PBXGroup section */
		A0153DB51D0CD8B000DFCE94 = {
			isa = PBXGroup;
			children = (
				A0153DD51D0CDAF400DFCE94 /* QuartzCore.framework */,
				A0153DD31D0CDAEE00DFCE94 /* Metal.framework */,
				A0153DC01D0CD8B000DFCE94 /* HelloMetal */,
				A0153DBF1D0CD8B000DFCE94 /* Products */,
			);
			sourceTree = "<group>";
		};
		A0153DBF1D0CD8B000DFCE94 /* Products */ = {
			isa = PBXGroup;
			children = (
				A0153DBE1D0CD8B000DFCE94 /* HelloMetal.app */,
			);
			name = Products;
			sourceTree = "<group>";
		};
		A0153DC01D0CD8B000DFCE94 /* HelloMetal */ = {
			isa = PBXGroup;
			children = (
				A0153DC11D0CD8B000DFCE94 /* AppDelegate.swift */,
				A0153DC31D0CD8B000DFCE94 /* ViewController.swift */,
				A0153DC51D0CD8B000DFCE94 /* Main.storyboard */,
				A0153DC81D0CD8B000DFCE94 /* Assets.xcassets */,
				A0153DCA1D0CD8B000DFCE94 /* LaunchScreen.storyboard */,
				A0153DCD1D0CD8B000DFCE94 /* Info.plist */,
				A0153DD71D0CDD3700DFCE94 /* Shaders.metal */,
			);
			path = HelloMetal;
			sourceTree = "<group>";
		};
/* End PBXGroup section */

/* Begin PBXNativeTarget section */
		A0153DBD1D0CD8B000DFCE94 /* HelloMetal */ = {
			isa = PBXNativeTarget;
			buildConfigurationList = A0153DD01D0CD8B000DFCE94 /* Build configuration list for PBXNativeTarget "HelloMetal" */;
			buildPhases = (
				A0153DBA1D0CD8B000DFCE94 /* Sources */,
				A0153DBB1D0CD8B000DFCE94 /* Frameworks */,
				A0153DBC1D0CD8B000DFCE94 /* Resources */,
			);
			buildRules = (
			);
			dependencies = (
			);
			name = HelloMetal;
			productName = HelloMetal;
			productReference = A0153DBE1D0CD8B000DFCE94 /* HelloMetal.app */;
			productType = "com.apple.product-type.application";
		};
/* End PBXNativeTarget section */

/* Begin PBXProject section */
		A0153DB61D0CD8B000DFCE94 /* Project object */ = {
			isa = PBXProject;
			attributes = {
				LastSwiftUpdateCheck = 0730;
				LastUpgradeCheck = 0730;
				TargetAttributes = {
					A0153DBD1D0CD8B000DFCE94 = {
						CreatedOnToolsVersion = 7.3.1;
					};
				};
			};
			buildConfigurationList = A0153DB91D0CD8B000DFCE94 /* Build configuration list for PBXProject "HelloMetal" */;
			compatibilityVersion = "Xcode 3.2";
			developmentRegion = English;
			hasScannedForEncodings = 0;
			knownRegions = (
				en,
				Base,
			);
			mainGroup = A0153DB51D0CD8B000DFCE94;
			productRefGroup = A0153DBF1D0CD8B000DFCE94 /* Products */;
			projectDirPath = "";
			projectRoot = "";
			targets = (
				A0153DBD1D0CD8B000DFCE94 /* HelloMetal */,
			);
		};
/* End PBXProject section */

/* Begin PBXResourcesBuildPhase section */
		A0153DBC1D0CD8B000DFCE94 /* Resources */ = {
			isa = PBXResourcesBuildPhase;
			buildActionMask = 2147483647;
			files = (
				A0153DCC1D0CD8B000DFCE94 /* LaunchScreen.storyboard in Resources */,
				A0153DC91D0CD8B000DFCE94 /* Assets.xcassets in Resources */,
				A0153DC71D0CD8B000DFCE94 /* Main.storyboard in Resources */,
			);
			runOnlyForDeploymentPostprocessing = 0;
		};
/* End PBXResourcesBuildPhase section */

/* Begin PBXSourcesBuildPhase section */
		A0153DBA1D0CD8B000DFCE94 /* Sources */ = {
			isa = PBXSourcesBuildPhase;
			buildActionMask = 2147483647;
			files = (
				A0153DD81D0CDD3700DFCE94 /* Shaders.metal in Sources */,
				A0153DC41D0CD8B000DFCE94 /* ViewController.swift in Sources */,
				A0153DC21D0CD8B000DFCE94 /* AppDelegate.swift in Sources */,
			);
			runOnlyForDeploymentPostprocessing = 0;
		};
/* End PBXSourcesBuildPhase section */

/* Begin PBXVariantGroup section */
		A0153DC51D0CD8B000DFCE94 /* Main.storyboard */ = {
			isa = PBXVariantGroup;
			children = (
				A0153DC61D0CD8B000DFCE94 /* Base */,
			);
			name = Main.storyboard;
			sourceTree = "<group>";
		};
		A0153DCA1D0CD8B000DFCE94 /* LaunchScreen.storyboard */ = {
			isa = PBXVariantGroup;
			children = (
				A0153DCB1D0CD8B000DFCE94 /* Base */,
			);
			name = LaunchScreen.storyboard;
			sourceTree = "<group>";
		};
/* End PBXVariantGroup section */

/* Begin XCBuildConfiguration section */
		A0153DCE1D0CD8B000DFCE94 /* Debug */ = {
			isa = XCBuildConfiguration;
			buildSettings = {
				ALWAYS_SEARCH_USER_PATHS = NO;
				CLANG_ANALYZER_NONNULL = YES;
				CLANG_CXX_LANGUAGE_STANDARD = "gnu++0x";
				CLANG_CXX_LIBRARY = "libc++";
				CLANG_ENABLE_MODULES = YES;
				CLANG_ENABLE_OBJC_ARC = YES;
				CLANG_WARN_BOOL_CONVERSION = YES;
				CLANG_WARN_CONSTANT_CONVERSION = YES;
				CLANG_WARN_DIRECT_OBJC_ISA_USAGE = YES_ERROR;
				CLANG_WARN_EMPTY_BODY = YES;
				CLANG_WARN_ENUM_CONVERSION = YES;
				CLANG_WARN_INT_CONVERSION = YES;
				CLANG_WARN_OBJC_ROOT_CLASS = YES_ERROR;
				CLANG_WARN_UNREACHABLE_CODE = YES;
				CLANG_WARN__DUPLICATE_METHOD_MATCH = YES;
				"CODE_SIGN_IDENTITY[sdk=iphoneos*]" = "iPhone Developer";
				COPY_PHASE_STRIP = NO;
				DEBUG_INFORMATION_FORMAT = dwarf;
				ENABLE_STRICT_OBJC_MSGSEND = YES;
				ENABLE_TESTABILITY = YES;
				GCC_C_LANGUAGE_STANDARD = gnu99;
				GCC_DYNAMIC_NO_PIC = NO;
				GCC_NO_COMMON_BLOCKS = YES;
				GCC_OPTIMIZATION_LEVEL = 0;
				GCC_PREPROCESSOR_DEFINITIONS = (
					"DEBUG=1",
					"$(inherited)",
				);
				GCC_WARN_64_TO_32_BIT_CONVERSION = YES;
				GCC_WARN_ABOUT_RETURN_TYPE = YES_ERROR;
				GCC_WARN_UNDECLARED_SELECTOR = YES;
				GCC_WARN_UNINITIALIZED_AUTOS = YES_AGGRESSIVE;
				GCC_WARN_UNUSED_FUNCTION = YES;
				GCC_WARN_UNUSED_VARIABLE = YES;
				IPHONEOS_DEPLOYMENT_TARGET = 9.3;
				MTL_ENABLE_DEBUG_INFO = YES;
				ONLY_ACTIVE_ARCH = YES;
				SDKROOT = iphoneos;
				SWIFT_OPTIMIZATION_LEVEL = "-Onone";
			};
			name = Debug;
		};
		A0153DCF1D0CD8B000DFCE94 /* Release */ = {
			isa = XCBuildConfiguration;
			buildSettings = {
				ALWAYS_SEARCH_USER_PATHS = NO;
				CLANG_ANALYZER_NONNULL = YES;
				CLANG_CXX_LANGUAGE_STANDARD = "gnu++0x";
				CLANG_CXX_LIBRARY = "libc++";
				CLANG_ENABLE_MODULES = YES;
				CLANG_ENABLE_OBJC_ARC = YES;
				CLANG_WARN_BOOL_CONVERSION = YES;
				CLANG_WARN_CONSTANT_CONVERSION = YES;
				CLANG_WARN_DIRECT_OBJC_ISA_USAGE = YES_ERROR;
				CLANG_WARN_EMPTY_BODY = YES;
				CLANG_WARN_ENUM_CONVERSION = YES;
				CLANG_WARN_INT_CONVERSION = YES;
				CLANG_WARN_OBJC_ROOT_CLASS = YES_ERROR;
				CLANG_WARN_UNREACHABLE_CODE = YES;
				CLANG_WARN__DUPLICATE_METHOD_MATCH = YES;
				"CODE_SIGN_IDENTITY[sdk=iphoneos*]" = "iPhone Developer";
				COPY_PHASE_STRIP = NO;
				DEBUG_INFORMATION_FORMAT = "dwarf-with-dsym";
				ENABLE_NS_ASSERTIONS = NO;
				ENABLE_STRICT_OBJC_MSGSEND = YES;
				GCC_C_LANGUAGE_STANDARD = gnu99;
				GCC_NO_COMMON_BLOCKS = YES;
				GCC_WARN_64_TO_32_BIT_CONVERSION = YES;
				GCC_WARN_ABOUT_RETURN_TYPE = YES_ERROR;
				GCC_WARN_UNDECLARED_SELECTOR = YES;
				GCC_WARN_UNINITIALIZED_AUTOS = YES_AGGRESSIVE;
				GCC_WARN_UNUSED_FUNCTION = YES;
				GCC_WARN_UNUSED_VARIABLE = YES;
				IPHONEOS_DEPLOYMENT_TARGET = 9.3;
				MTL_ENABLE_DEBUG_INFO = NO;
				SDKROOT = iphoneos;
				VALIDATE_PRODUCT = YES;
			};
			name = Release;
		};
		A0153DD11D0CD8B000DFCE94 /* Debug */ = {
			isa = XCBuildConfiguration;
			buildSettings = {
				ASSETCATALOG_COMPILER_APPICON_NAME = AppIcon;
				INFOPLIST_FILE = HelloMetal/Info.plist;
				LD_RUNPATH_SEARCH_PATHS = "$(inherited) @executable_path/Frameworks";
				PRODUCT_BUNDLE_IDENTIFIER = com.example.ios.HelloMetal;
				PRODUCT_NAME = "$(TARGET_NAME)";
			};
			name = Debug;
		};
		A0153DD21D0CD8B000DFCE94 /* Release */ = {
			isa = XCBuildConfiguration;
			buildSettings = {
				ASSETCATALOG_COMPILER_APPICON_NAME = AppIcon;
				INFOPLIST_FILE = HelloMetal/Info.plist;
				LD_RUNPATH_SEARCH_PATHS = "$(inherited) @executable_path/Frameworks";
				PRODUCT_BUNDLE_IDENTIFIER = com.example.ios.HelloMetal;
				PRODUCT_NAME = "$(TARGET_NAME)";
			};
			name = Release;
		};
/* End XCBuildConfiguration section */

/* Begin XCConfigurationList section */
		A0153DB91D0CD8B000DFCE94 /* Build configuration list for PBXProject "HelloMetal" */ = {
			isa = XCConfigurationList;
			buildConfigurations = (
				A0153DCE1D0CD8B000DFCE94 /* Debug */,
				A0153DCF1D0CD8B000DFCE94 /* Release */,
			);
			defaultConfigurationIsVisible = 0;
			defaultConfigurationName = Release;
		};
		A0153DD01D0CD8B000DFCE94 /* Build configuration list for PBXNativeTarget "HelloMetal" */ = {
			isa = XCConfigurationList;
			buildConfigurations = (
				A0153DD11D0CD8B000DFCE94 /* Debug */,
				A0153DD21D0CD8B000DFCE94 /* Release */,
			);
			defaultConfigurationIsVisible = 0;
		};
/* End XCConfigurationList section */
	};
	rootObject = A0153DB61D0CD8B000DFCE94 /* Project object */;
}
